
Microsoft Visual Studio Solution File, Format Version 12.00
# Visual Studio Version 17
VisualStudioVersion = 17.0.32014.148
MinimumVisualStudioVersion = 10.0.40219.1
Project("{2150E333-8FDC-42A3-9474-1A3956D46DE8}") = "ScheduleService", "ScheduleService", "{B85FB08F-E8A0-499C-90BE-9450B6A01F48}"
EndProject
Project("{2150E333-8FDC-42A3-9474-1A3956D46DE8}") = "src", "src", "{186AA081-BFBC-428F-B28A-CCEBF3029872}"
EndProject
Project("{2150E333-8FDC-42A3-9474-1A3956D46DE8}") = "tests", "tests", "{DD815555-FD51-4BB8-9E96-7879BFA2AA65}"
EndProject
Project("{9A19103F-16F7-4668-BE54-9A1E7A4F7556}") = "Domain", "ScheduleService\src\Domain\Domain.csproj", "{965C49C1-AF75-4320-87FC-7A4AA2F38BA6}"
EndProject
Project("{9A19103F-16F7-4668-BE54-9A1E7A4F7556}") = "Infrastructure", "ScheduleService\src\Infrastructure\Infrastructure.csproj", "{C96431AC-7472-4E76-850F-99C1997557EA}"
EndProject
Project("{9A19103F-16F7-4668-BE54-9A1E7A4F7556}") = "Application", "ScheduleService\src\Application\Application.csproj", "{BA6CADDA-EE7A-41BB-BE8B-4CA1CBBA7487}"
EndProject
Project("{2150E333-8FDC-42A3-9474-1A3956D46DE8}") = "ChatBotService", "ChatBotService", "{64553227-9203-4CE9-A47C-CB169C1595C4}"
EndProject
Project("{2150E333-8FDC-42A3-9474-1A3956D46DE8}") = "src", "src", "{64D4BEE9-0A3A-4C2A-9E5F-BFF52ABCB432}"
EndProject
Project("{2150E333-8FDC-42A3-9474-1A3956D46DE8}") = "tests", "tests", "{8DB6C7D9-85CB-4063-A0B6-54330A77D325}"
EndProject
Project("{2150E333-8FDC-42A3-9474-1A3956D46DE8}") = "BotsGateway", "BotsGateway", "{DCD47710-E8F8-412F-AD28-8179AFF4D4C4}"
EndProject
Project("{2150E333-8FDC-42A3-9474-1A3956D46DE8}") = "src", "src", "{66CB3724-E575-4029-BDAD-DC1750EF729D}"
EndProject
Project("{2150E333-8FDC-42A3-9474-1A3956D46DE8}") = "tests", "tests", "{1A25B291-8848-492F-9D28-325533D7F682}"
EndProject
Project("{9A19103F-16F7-4668-BE54-9A1E7A4F7556}") = "Application", "ChatBotService\src\Application\Application.csproj", "{93C9D75F-17AF-4D82-8BB6-0C559F07B219}"
EndProject
Project("{9A19103F-16F7-4668-BE54-9A1E7A4F7556}") = "Domain", "ChatBotService\src\Domain\Domain.csproj", "{EAEF898C-06A4-40DD-8CE3-D942CC2581E2}"
EndProject
Project("{9A19103F-16F7-4668-BE54-9A1E7A4F7556}") = "Infrastructure", "ChatBotService\src\Infrastructure\Infrastructure.csproj", "{69A196F9-117E-4AB7-B763-57C006CA8323}"
EndProject
Project("{9A19103F-16F7-4668-BE54-9A1E7A4F7556}") = "Mapping", "ChatBotService\src\Mapping\Mapping.csproj", "{440311DB-984B-438E-86F8-25460D6A1F4D}"
EndProject
Project("{9A19103F-16F7-4668-BE54-9A1E7A4F7556}") = "Domain.UnitTests", "ChatBotService\tests\Domain.UnitTests\Domain.UnitTests.csproj", "{A4C546B7-387A-476D-ACBD-ECD352EF5C2C}"
EndProject
Project("{9A19103F-16F7-4668-BE54-9A1E7A4F7556}") = "Infrastructure.UnitTests", "ChatBotService\tests\Infrastructure.UnitTests\Infrastructure.UnitTests.csproj", "{E6E20DE1-9E9F-4473-BF9A-87162DC78F72}"
EndProject
Project("{9A19103F-16F7-4668-BE54-9A1E7A4F7556}") = "WebAPI", "BotsGateway\src\WebAPI\WebAPI.csproj", "{8D37E1CD-95A9-40EC-8329-E913F7A64143}"
EndProject
Project("{9A19103F-16F7-4668-BE54-9A1E7A4F7556}") = "GrpcAPI", "ChatBotService\src\GrpcService\GrpcAPI.csproj", "{F139A2C9-F911-415A-8436-B43B9B7E734E}"
EndProject
Project("{2150E333-8FDC-42A3-9474-1A3956D46DE8}") = "AdminWebsite", "AdminWebsite", "{3804E2E8-D67E-4211-ACC8-DCC9EBA0DDE4}"
EndProject
Project("{2150E333-8FDC-42A3-9474-1A3956D46DE8}") = "src", "src", "{B1E47C2C-E86A-427C-AA93-B333521F0E68}"
EndProject
Project("{2150E333-8FDC-42A3-9474-1A3956D46DE8}") = "tests", "tests", "{7D676DF7-BBCF-4457-878A-D7289A516252}"
EndProject
Project("{9A19103F-16F7-4668-BE54-9A1E7A4F7556}") = "WebAPI", "AdminWebsite\src\WebAPI\WebAPI.csproj", "{00E3AF3A-4E07-43A0-85CE-E4353AF70C95}"
EndProject
Project("{9A19103F-16F7-4668-BE54-9A1E7A4F7556}") = "GrpcAPI", "ScheduleService\src\GrpcServices\GrpcAPI.csproj", "{B7242C97-D0D4-45C1-AEDB-68B5C3370027}"
EndProject
Project("{9A19103F-16F7-4668-BE54-9A1E7A4F7556}") = "Application.UnitTests", "ScheduleService\tests\Application.UnitTests\Application.UnitTests.csproj", "{1CD4D161-68F4-49B5-BC36-5AE070F67F1A}"
EndProject
Project("{2150E333-8FDC-42A3-9474-1A3956D46DE8}") = "IdentityService", "IdentityService", "{A752F34B-309A-4AF5-AD2C-1E46AA037460}"
EndProject
Project("{9A19103F-16F7-4668-BE54-9A1E7A4F7556}") = "IdentityAPI", "IdentityService\src\IdentityAPI\IdentityAPI.csproj", "{1D4B41B6-9971-42C0-91F3-D51D80D60159}"
EndProject
Project("{9A19103F-16F7-4668-BE54-9A1E7A4F7556}") = "ClientApp", "IdentityService\src\ClientApp\ClientApp.csproj", "{DACBA579-9A2F-419E-84F9-FC192D2B97FE}"
EndProject
Global
	GlobalSection(SolutionConfigurationPlatforms) = preSolution
		Debug|Any CPU = Debug|Any CPU
		Release|Any CPU = Release|Any CPU
	EndGlobalSection
	GlobalSection(ProjectConfigurationPlatforms) = postSolution
		{965C49C1-AF75-4320-87FC-7A4AA2F38BA6}.Debug|Any CPU.ActiveCfg = Debug|Any CPU
		{965C49C1-AF75-4320-87FC-7A4AA2F38BA6}.Debug|Any CPU.Build.0 = Debug|Any CPU
		{965C49C1-AF75-4320-87FC-7A4AA2F38BA6}.Release|Any CPU.ActiveCfg = Release|Any CPU
		{965C49C1-AF75-4320-87FC-7A4AA2F38BA6}.Release|Any CPU.Build.0 = Release|Any CPU
		{C96431AC-7472-4E76-850F-99C1997557EA}.Debug|Any CPU.ActiveCfg = Debug|Any CPU
		{C96431AC-7472-4E76-850F-99C1997557EA}.Debug|Any CPU.Build.0 = Debug|Any CPU
		{C96431AC-7472-4E76-850F-99C1997557EA}.Release|Any CPU.ActiveCfg = Release|Any CPU
		{C96431AC-7472-4E76-850F-99C1997557EA}.Release|Any CPU.Build.0 = Release|Any CPU
		{BA6CADDA-EE7A-41BB-BE8B-4CA1CBBA7487}.Debug|Any CPU.ActiveCfg = Debug|Any CPU
		{BA6CADDA-EE7A-41BB-BE8B-4CA1CBBA7487}.Debug|Any CPU.Build.0 = Debug|Any CPU
		{BA6CADDA-EE7A-41BB-BE8B-4CA1CBBA7487}.Release|Any CPU.ActiveCfg = Release|Any CPU
		{BA6CADDA-EE7A-41BB-BE8B-4CA1CBBA7487}.Release|Any CPU.Build.0 = Release|Any CPU
		{93C9D75F-17AF-4D82-8BB6-0C559F07B219}.Debug|Any CPU.ActiveCfg = Debug|Any CPU
		{93C9D75F-17AF-4D82-8BB6-0C559F07B219}.Debug|Any CPU.Build.0 = Debug|Any CPU
		{93C9D75F-17AF-4D82-8BB6-0C559F07B219}.Release|Any CPU.ActiveCfg = Release|Any CPU
		{93C9D75F-17AF-4D82-8BB6-0C559F07B219}.Release|Any CPU.Build.0 = Release|Any CPU
		{EAEF898C-06A4-40DD-8CE3-D942CC2581E2}.Debug|Any CPU.ActiveCfg = Debug|Any CPU
		{EAEF898C-06A4-40DD-8CE3-D942CC2581E2}.Debug|Any CPU.Build.0 = Debug|Any CPU
		{EAEF898C-06A4-40DD-8CE3-D942CC2581E2}.Release|Any CPU.ActiveCfg = Release|Any CPU
		{EAEF898C-06A4-40DD-8CE3-D942CC2581E2}.Release|Any CPU.Build.0 = Release|Any CPU
		{69A196F9-117E-4AB7-B763-57C006CA8323}.Debug|Any CPU.ActiveCfg = Debug|Any CPU
		{69A196F9-117E-4AB7-B763-57C006CA8323}.Debug|Any CPU.Build.0 = Debug|Any CPU
		{69A196F9-117E-4AB7-B763-57C006CA8323}.Release|Any CPU.ActiveCfg = Release|Any CPU
		{69A196F9-117E-4AB7-B763-57C006CA8323}.Release|Any CPU.Build.0 = Release|Any CPU
		{440311DB-984B-438E-86F8-25460D6A1F4D}.Debug|Any CPU.ActiveCfg = Debug|Any CPU
		{440311DB-984B-438E-86F8-25460D6A1F4D}.Debug|Any CPU.Build.0 = Debug|Any CPU
		{440311DB-984B-438E-86F8-25460D6A1F4D}.Release|Any CPU.ActiveCfg = Release|Any CPU
		{440311DB-984B-438E-86F8-25460D6A1F4D}.Release|Any CPU.Build.0 = Release|Any CPU
		{A4C546B7-387A-476D-ACBD-ECD352EF5C2C}.Debug|Any CPU.ActiveCfg = Debug|Any CPU
		{A4C546B7-387A-476D-ACBD-ECD352EF5C2C}.Debug|Any CPU.Build.0 = Debug|Any CPU
		{A4C546B7-387A-476D-ACBD-ECD352EF5C2C}.Release|Any CPU.ActiveCfg = Release|Any CPU
		{A4C546B7-387A-476D-ACBD-ECD352EF5C2C}.Release|Any CPU.Build.0 = Release|Any CPU
		{E6E20DE1-9E9F-4473-BF9A-87162DC78F72}.Debug|Any CPU.ActiveCfg = Debug|Any CPU
		{E6E20DE1-9E9F-4473-BF9A-87162DC78F72}.Debug|Any CPU.Build.0 = Debug|Any CPU
		{E6E20DE1-9E9F-4473-BF9A-87162DC78F72}.Release|Any CPU.ActiveCfg = Release|Any CPU
		{E6E20DE1-9E9F-4473-BF9A-87162DC78F72}.Release|Any CPU.Build.0 = Release|Any CPU
		{8D37E1CD-95A9-40EC-8329-E913F7A64143}.Debug|Any CPU.ActiveCfg = Debug|Any CPU
		{8D37E1CD-95A9-40EC-8329-E913F7A64143}.Debug|Any CPU.Build.0 = Debug|Any CPU
		{8D37E1CD-95A9-40EC-8329-E913F7A64143}.Release|Any CPU.ActiveCfg = Release|Any CPU
		{8D37E1CD-95A9-40EC-8329-E913F7A64143}.Release|Any CPU.Build.0 = Release|Any CPU
		{F139A2C9-F911-415A-8436-B43B9B7E734E}.Debug|Any CPU.ActiveCfg = Debug|Any CPU
		{F139A2C9-F911-415A-8436-B43B9B7E734E}.Debug|Any CPU.Build.0 = Debug|Any CPU
		{F139A2C9-F911-415A-8436-B43B9B7E734E}.Release|Any CPU.ActiveCfg = Release|Any CPU
		{F139A2C9-F911-415A-8436-B43B9B7E734E}.Release|Any CPU.Build.0 = Release|Any CPU
		{00E3AF3A-4E07-43A0-85CE-E4353AF70C95}.Debug|Any CPU.ActiveCfg = Debug|Any CPU
		{00E3AF3A-4E07-43A0-85CE-E4353AF70C95}.Debug|Any CPU.Build.0 = Debug|Any CPU
		{00E3AF3A-4E07-43A0-85CE-E4353AF70C95}.Release|Any CPU.ActiveCfg = Release|Any CPU
		{00E3AF3A-4E07-43A0-85CE-E4353AF70C95}.Release|Any CPU.Build.0 = Release|Any CPU
		{B7242C97-D0D4-45C1-AEDB-68B5C3370027}.Debug|Any CPU.ActiveCfg = Debug|Any CPU
		{B7242C97-D0D4-45C1-AEDB-68B5C3370027}.Debug|Any CPU.Build.0 = Debug|Any CPU
		{B7242C97-D0D4-45C1-AEDB-68B5C3370027}.Release|Any CPU.ActiveCfg = Release|Any CPU
		{B7242C97-D0D4-45C1-AEDB-68B5C3370027}.Release|Any CPU.Build.0 = Release|Any CPU
		{1CD4D161-68F4-49B5-BC36-5AE070F67F1A}.Debug|Any CPU.ActiveCfg = Debug|Any CPU
		{1CD4D161-68F4-49B5-BC36-5AE070F67F1A}.Debug|Any CPU.Build.0 = Debug|Any CPU
		{1CD4D161-68F4-49B5-BC36-5AE070F67F1A}.Release|Any CPU.ActiveCfg = Release|Any CPU
		{1CD4D161-68F4-49B5-BC36-5AE070F67F1A}.Release|Any CPU.Build.0 = Release|Any CPU
		{1D4B41B6-9971-42C0-91F3-D51D80D60159}.Debug|Any CPU.ActiveCfg = Debug|Any CPU
		{1D4B41B6-9971-42C0-91F3-D51D80D60159}.Debug|Any CPU.Build.0 = Debug|Any CPU
		{1D4B41B6-9971-42C0-91F3-D51D80D60159}.Release|Any CPU.ActiveCfg = Release|Any CPU
		{1D4B41B6-9971-42C0-91F3-D51D80D60159}.Release|Any CPU.Build.0 = Release|Any CPU
		{DACBA579-9A2F-419E-84F9-FC192D2B97FE}.Debug|Any CPU.ActiveCfg = Debug|Any CPU
		{DACBA579-9A2F-419E-84F9-FC192D2B97FE}.Debug|Any CPU.Build.0 = Debug|Any CPU
		{DACBA579-9A2F-419E-84F9-FC192D2B97FE}.Release|Any CPU.ActiveCfg = Release|Any CPU
		{DACBA579-9A2F-419E-84F9-FC192D2B97FE}.Release|Any CPU.Build.0 = Release|Any CPU
	EndGlobalSection
	GlobalSection(SolutionProperties) = preSolution
		HideSolutionNode = FALSE
	EndGlobalSection
	GlobalSection(NestedProjects) = preSolution
		{186AA081-BFBC-428F-B28A-CCEBF3029872} = {B85FB08F-E8A0-499C-90BE-9450B6A01F48}
		{DD815555-FD51-4BB8-9E96-7879BFA2AA65} = {B85FB08F-E8A0-499C-90BE-9450B6A01F48}
		{965C49C1-AF75-4320-87FC-7A4AA2F38BA6} = {186AA081-BFBC-428F-B28A-CCEBF3029872}
		{C96431AC-7472-4E76-850F-99C1997557EA} = {186AA081-BFBC-428F-B28A-CCEBF3029872}
		{BA6CADDA-EE7A-41BB-BE8B-4CA1CBBA7487} = {186AA081-BFBC-428F-B28A-CCEBF3029872}
		{64D4BEE9-0A3A-4C2A-9E5F-BFF52ABCB432} = {64553227-9203-4CE9-A47C-CB169C1595C4}
		{8DB6C7D9-85CB-4063-A0B6-54330A77D325} = {64553227-9203-4CE9-A47C-CB169C1595C4}
		{66CB3724-E575-4029-BDAD-DC1750EF729D} = {DCD47710-E8F8-412F-AD28-8179AFF4D4C4}
		{1A25B291-8848-492F-9D28-325533D7F682} = {DCD47710-E8F8-412F-AD28-8179AFF4D4C4}
		{93C9D75F-17AF-4D82-8BB6-0C559F07B219} = {64D4BEE9-0A3A-4C2A-9E5F-BFF52ABCB432}
		{EAEF898C-06A4-40DD-8CE3-D942CC2581E2} = {64D4BEE9-0A3A-4C2A-9E5F-BFF52ABCB432}
		{69A196F9-117E-4AB7-B763-57C006CA8323} = {64D4BEE9-0A3A-4C2A-9E5F-BFF52ABCB432}
		{440311DB-984B-438E-86F8-25460D6A1F4D} = {64D4BEE9-0A3A-4C2A-9E5F-BFF52ABCB432}
		{A4C546B7-387A-476D-ACBD-ECD352EF5C2C} = {8DB6C7D9-85CB-4063-A0B6-54330A77D325}
		{E6E20DE1-9E9F-4473-BF9A-87162DC78F72} = {8DB6C7D9-85CB-4063-A0B6-54330A77D325}
		{8D37E1CD-95A9-40EC-8329-E913F7A64143} = {66CB3724-E575-4029-BDAD-DC1750EF729D}
		{F139A2C9-F911-415A-8436-B43B9B7E734E} = {64D4BEE9-0A3A-4C2A-9E5F-BFF52ABCB432}
		{B1E47C2C-E86A-427C-AA93-B333521F0E68} = {3804E2E8-D67E-4211-ACC8-DCC9EBA0DDE4}
		{7D676DF7-BBCF-4457-878A-D7289A516252} = {3804E2E8-D67E-4211-ACC8-DCC9EBA0DDE4}
		{00E3AF3A-4E07-43A0-85CE-E4353AF70C95} = {B1E47C2C-E86A-427C-AA93-B333521F0E68}
		{B7242C97-D0D4-45C1-AEDB-68B5C3370027} = {186AA081-BFBC-428F-B28A-CCEBF3029872}
		{1CD4D161-68F4-49B5-BC36-5AE070F67F1A} = {DD815555-FD51-4BB8-9E96-7879BFA2AA65}
		{1D4B41B6-9971-42C0-91F3-D51D80D60159} = {A752F34B-309A-4AF5-AD2C-1E46AA037460}
		{DACBA579-9A2F-419E-84F9-FC192D2B97FE} = {A752F34B-309A-4AF5-AD2C-1E46AA037460}
	EndGlobalSection
	GlobalSection(ExtensibilityGlobals) = postSolution
		SolutionGuid = {AEE40B53-F8C9-4E44-83C7-028CD0BDDD12}
	EndGlobalSection
EndGlobal
