
Microsoft Visual Studio Solution File, Format Version 12.00
# Visual Studio Version 17
VisualStudioVersion = 17.4.33213.308
MinimumVisualStudioVersion = 10.0.40219.1
Project("{2150E333-8FDC-42A3-9474-1A3956D46DE8}") = "src", "src", "{575BCDA2-70C0-4082-BC2D-A52CA5F6DA34}"
EndProject
Project("{2150E333-8FDC-42A3-9474-1A3956D46DE8}") = "tests", "tests", "{0BE43FFA-442D-446B-B67D-0E351ACD7211}"
EndProject
Project("{9A19103F-16F7-4668-BE54-9A1E7A4F7556}") = "ScheduleChanges.Core.Domain", "src\ScheduleChanges.Core.Domain\ScheduleChanges.Core.Domain.csproj", "{59F0D6D9-F767-4D0C-98CD-1FDAAD8A50D8}"
EndProject
Project("{9A19103F-16F7-4668-BE54-9A1E7A4F7556}") = "ScheduleChanges.Core.Domain.Tests", "tests\ScheduleChanges.Core.Domain.Tests\ScheduleChanges.Core.Domain.Tests.csproj", "{96E79548-9127-47F5-800B-3867ADA1CB42}"
EndProject
Project("{9A19103F-16F7-4668-BE54-9A1E7A4F7556}") = "ScheduleChanges.Core.Application", "src\ScheduleChanges.Core.Application\ScheduleChanges.Core.Application.csproj", "{FF727BD5-0551-42C7-AF1F-7EA7E761A1E9}"
EndProject
Project("{9A19103F-16F7-4668-BE54-9A1E7A4F7556}") = "ScheduleChanges.Core.Application.Tests", "tests\ScheduleChanges.Core.Application.Tests\ScheduleChanges.Core.Application.Tests.csproj", "{F61E8257-2CDA-46E6-9DB1-48839115D90C}"
EndProject
Global
	GlobalSection(SolutionConfigurationPlatforms) = preSolution
		Debug|Any CPU = Debug|Any CPU
		Release|Any CPU = Release|Any CPU
	EndGlobalSection
	GlobalSection(ProjectConfigurationPlatforms) = postSolution
		{59F0D6D9-F767-4D0C-98CD-1FDAAD8A50D8}.Debug|Any CPU.ActiveCfg = Debug|Any CPU
		{59F0D6D9-F767-4D0C-98CD-1FDAAD8A50D8}.Debug|Any CPU.Build.0 = Debug|Any CPU
		{59F0D6D9-F767-4D0C-98CD-1FDAAD8A50D8}.Release|Any CPU.ActiveCfg = Release|Any CPU
		{59F0D6D9-F767-4D0C-98CD-1FDAAD8A50D8}.Release|Any CPU.Build.0 = Release|Any CPU
		{96E79548-9127-47F5-800B-3867ADA1CB42}.Debug|Any CPU.ActiveCfg = Debug|Any CPU
		{96E79548-9127-47F5-800B-3867ADA1CB42}.Debug|Any CPU.Build.0 = Debug|Any CPU
		{96E79548-9127-47F5-800B-3867ADA1CB42}.Release|Any CPU.ActiveCfg = Release|Any CPU
		{96E79548-9127-47F5-800B-3867ADA1CB42}.Release|Any CPU.Build.0 = Release|Any CPU
		{FF727BD5-0551-42C7-AF1F-7EA7E761A1E9}.Debug|Any CPU.ActiveCfg = Debug|Any CPU
		{FF727BD5-0551-42C7-AF1F-7EA7E761A1E9}.Debug|Any CPU.Build.0 = Debug|Any CPU
		{FF727BD5-0551-42C7-AF1F-7EA7E761A1E9}.Release|Any CPU.ActiveCfg = Release|Any CPU
		{FF727BD5-0551-42C7-AF1F-7EA7E761A1E9}.Release|Any CPU.Build.0 = Release|Any CPU
		{F61E8257-2CDA-46E6-9DB1-48839115D90C}.Debug|Any CPU.ActiveCfg = Debug|Any CPU
		{F61E8257-2CDA-46E6-9DB1-48839115D90C}.Debug|Any CPU.Build.0 = Debug|Any CPU
		{F61E8257-2CDA-46E6-9DB1-48839115D90C}.Release|Any CPU.ActiveCfg = Release|Any CPU
		{F61E8257-2CDA-46E6-9DB1-48839115D90C}.Release|Any CPU.Build.0 = Release|Any CPU
	EndGlobalSection
	GlobalSection(SolutionProperties) = preSolution
		HideSolutionNode = FALSE
	EndGlobalSection
	GlobalSection(NestedProjects) = preSolution
		{59F0D6D9-F767-4D0C-98CD-1FDAAD8A50D8} = {575BCDA2-70C0-4082-BC2D-A52CA5F6DA34}
		{96E79548-9127-47F5-800B-3867ADA1CB42} = {0BE43FFA-442D-446B-B67D-0E351ACD7211}
		{FF727BD5-0551-42C7-AF1F-7EA7E761A1E9} = {575BCDA2-70C0-4082-BC2D-A52CA5F6DA34}
		{F61E8257-2CDA-46E6-9DB1-48839115D90C} = {0BE43FFA-442D-446B-B67D-0E351ACD7211}
	EndGlobalSection
	GlobalSection(ExtensibilityGlobals) = postSolution
		SolutionGuid = {3D66F7C4-A75C-4407-9EC9-34D106269A95}
	EndGlobalSection
EndGlobal
