
Microsoft Visual Studio Solution File, Format Version 12.00
# Visual Studio Version 17
VisualStudioVersion = 17.1.32421.90
MinimumVisualStudioVersion = 10.0.40219.1
Project("{2150E333-8FDC-42A3-9474-1A3956D46DE8}") = "src", "src", "{02F72659-907B-4D69-BF94-F219729F0529}"
EndProject
Project("{2150E333-8FDC-42A3-9474-1A3956D46DE8}") = "tests", "tests", "{6C1F3603-30C8-4C65-8E1C-19AC84F3B38F}"
EndProject
Project("{9A19103F-16F7-4668-BE54-9A1E7A4F7556}") = "WebAPI", "src\WebAPI\WebAPI.csproj", "{EA5697AF-6181-4288-BC28-2D8190D3CC7C}"
EndProject
Global
	GlobalSection(SolutionConfigurationPlatforms) = preSolution
		Debug|Any CPU = Debug|Any CPU
		Release|Any CPU = Release|Any CPU
	EndGlobalSection
	GlobalSection(ProjectConfigurationPlatforms) = postSolution
		{EA5697AF-6181-4288-BC28-2D8190D3CC7C}.Debug|Any CPU.ActiveCfg = Debug|Any CPU
		{EA5697AF-6181-4288-BC28-2D8190D3CC7C}.Debug|Any CPU.Build.0 = Debug|Any CPU
		{EA5697AF-6181-4288-BC28-2D8190D3CC7C}.Release|Any CPU.ActiveCfg = Release|Any CPU
		{EA5697AF-6181-4288-BC28-2D8190D3CC7C}.Release|Any CPU.Build.0 = Release|Any CPU
	EndGlobalSection
	GlobalSection(SolutionProperties) = preSolution
		HideSolutionNode = FALSE
	EndGlobalSection
	GlobalSection(NestedProjects) = preSolution
		{EA5697AF-6181-4288-BC28-2D8190D3CC7C} = {02F72659-907B-4D69-BF94-F219729F0529}
	EndGlobalSection
	GlobalSection(ExtensibilityGlobals) = postSolution
		SolutionGuid = {BF7659CF-0956-4098-A90A-D96887916F77}
	EndGlobalSection
EndGlobal
